<?xml version="1.0" encoding="utf-8"?>
<Project ToolsVersion="4.0" xmlns="http://schemas.microsoft.com/developer/msbuild/2003">
  <ItemGroup>
    <Filter Include="Source Files">
      <UniqueIdentifier>{4FC737F1-C7A5-4376-A066-2A32D752A2FF}</UniqueIdentifier>
      <Extensions>cpp;c;cc;cxx;def;odl;idl;hpj;bat;asm;asmx</Extensions>
    </Filter>
    <Filter Include="Header Files">
      <UniqueIdentifier>{93995380-89BD-4b04-88EB-625FBE52EBFB}</UniqueIdentifier>
      <Extensions>h;hh;hpp;hxx;hm;inl;inc;ipp;xsd</Extensions>
    </Filter>
    <Filter Include="Resource Files">
      <UniqueIdentifier>{67DA6AB6-F800-4c08-8B7A-83BB121AAD01}</UniqueIdentifier>
      <Extensions>rc;ico;cur;bmp;dlg;rc2;rct;bin;rgs;gif;jpg;jpeg;jpe;resx;tiff;tif;png;wav;mfcribbon-ms</Extensions>
    </Filter>
    <Filter Include="Source Files\Signal Processing">
      <UniqueIdentifier>{81c9e6ae-9017-4488-970b-2a815d22131a}</UniqueIdentifier>
    </Filter>
    <Filter Include="Header Files\Signal Processing">
      <UniqueIdentifier>{53bf489d-29e8-4d99-bc20-7ffe23c47f8a}</UniqueIdentifier>
    </Filter>
  </ItemGroup>
  <ItemGroup>
    <ClCompile Include="main.cpp">
      <Filter>Source Files</Filter>
    </ClCompile>
    <ClCompile Include="MainGame.cpp">
      <Filter>Source Files</Filter>
    </ClCompile>
    <ClCompile Include="FFTW.cpp">
      <Filter>Source Files</Filter>
    </ClCompile>
    <ClCompile Include="MyFuncs.cpp">
      <Filter>Source Files</Filter>
    </ClCompile>
    <ClCompile Include="CustomisableSprite.cpp">
      <Filter>Source Files</Filter>
    </ClCompile>
    <ClCompile Include="SpriteManager.cpp">
      <Filter>Source Files</Filter>
    </ClCompile>
    <ClCompile Include="UI.cpp">
      <Filter>Source Files</Filter>
    </ClCompile>
    <ClCompile Include="UniformSetting.cpp">
      <Filter>Source Files</Filter>
    </ClCompile>
    <ClCompile Include="Master.cpp">
      <Filter>Source Files\Signal Processing</Filter>
    </ClCompile>
    <ClCompile Include="NoteOnset.cpp">
      <Filter>Source Files\Signal Processing</Filter>
    </ClCompile>
    <ClCompile Include="SignalProcessing.cpp">
      <Filter>Source Files\Signal Processing</Filter>
    </ClCompile>
    <ClCompile Include="Tools.cpp">
      <Filter>Source Files</Filter>
    </ClCompile>
  </ItemGroup>
  <ItemGroup>
    <ClInclude Include="MainGame.h">
      <Filter>Header Files</Filter>
    </ClInclude>
    <ClInclude Include="FFTW.h">
      <Filter>Header Files</Filter>
    </ClInclude>
    <ClInclude Include="MyFuncs.h">
      <Filter>Header Files</Filter>
    </ClInclude>
    <ClInclude Include="SpriteManager.h">
      <Filter>Header Files</Filter>
    </ClInclude>
    <ClInclude Include="History.h">
      <Filter>Header Files</Filter>
    </ClInclude>
    <ClInclude Include="Kernels.h">
      <Filter>Header Files</Filter>
    </ClInclude>
    <ClInclude Include="Limiter.h">
      <Filter>Header Files</Filter>
    </ClInclude>
    <ClInclude Include="UI.h">
      <Filter>Header Files</Filter>
    </ClInclude>
    <ClInclude Include="UniformSetting.h">
      <Filter>Header Files</Filter>
    </ClInclude>
    <ClInclude Include="Master.h">
      <Filter>Header Files\Signal Processing</Filter>
    </ClInclude>
    <ClInclude Include="Energy.hpp">
      <Filter>Source Files\Signal Processing</Filter>
    </ClInclude>
    <ClInclude Include="NoteOnset.h">
      <Filter>Header Files\Signal Processing</Filter>
    </ClInclude>
    <ClInclude Include="CustomisableSprite.h">
      <Filter>Header Files</Filter>
    </ClInclude>
    <ClInclude Include="SignalProcessing.h">
      <Filter>Header Files\Signal Processing</Filter>
    </ClInclude>
    <ClInclude Include="RMS.hpp">
      <Filter>Source Files\Signal Processing</Filter>
    </ClInclude>
    <ClInclude Include="Tools.h">
      <Filter>Header Files</Filter>
    </ClInclude>
  </ItemGroup>
</Project>